
Microsoft Visual Studio Solution File, Format Version 12.00
# Visual Studio Version 17
VisualStudioVersion = 17.14.36414.22
MinimumVisualStudioVersion = 10.0.40219.1
Project("{8BC9CEB8-8B4A-11D0-8D11-00A0C91BC942}") = "Lab4", "Lab4\Lab4.vcxproj", "{21DCEE56-4C0B-458D-AA26-4E2FB4FA0FF5}"
EndProject
Project("{8BC9CEB8-8B4A-11D0-8D11-00A0C91BC942}") = "task1", "task1\task1.vcxproj", "{8B1B30A3-E60D-488A-B0EC-4E28151D81D8}"
EndProject
Project("{8BC9CEB8-8B4A-11D0-8D11-00A0C91BC942}") = "task2", "task2\task2.vcxproj", "{3D48E592-05E5-418A-8162-C2AE6C820994}"
EndProject
Project("{8BC9CEB8-8B4A-11D0-8D11-00A0C91BC942}") = "task3", "task3\task3.vcxproj", "{0CCC5302-4E62-44EE-BF09-8B4F210D549C}"
EndProject
Project("{8BC9CEB8-8B4A-11D0-8D11-00A0C91BC942}") = "task4", "task4\task4.vcxproj", "{2C7C3DE8-2541-4E5C-A583-82434C508529}"
EndProject
Global
	GlobalSection(SolutionConfigurationPlatforms) = preSolution
		Debug|x64 = Debug|x64
		Debug|x86 = Debug|x86
		Release|x64 = Release|x64
		Release|x86 = Release|x86
	EndGlobalSection
	GlobalSection(ProjectConfigurationPlatforms) = postSolution
		{21DCEE56-4C0B-458D-AA26-4E2FB4FA0FF5}.Debug|x64.ActiveCfg = Debug|x64
		{21DCEE56-4C0B-458D-AA26-4E2FB4FA0FF5}.Debug|x64.Build.0 = Debug|x64
		{21DCEE56-4C0B-458D-AA26-4E2FB4FA0FF5}.Debug|x86.ActiveCfg = Debug|Win32
		{21DCEE56-4C0B-458D-AA26-4E2FB4FA0FF5}.Debug|x86.Build.0 = Debug|Win32
		{21DCEE56-4C0B-458D-AA26-4E2FB4FA0FF5}.Release|x64.ActiveCfg = Release|x64
		{21DCEE56-4C0B-458D-AA26-4E2FB4FA0FF5}.Release|x64.Build.0 = Release|x64
		{21DCEE56-4C0B-458D-AA26-4E2FB4FA0FF5}.Release|x86.ActiveCfg = Release|Win32
		{21DCEE56-4C0B-458D-AA26-4E2FB4FA0FF5}.Release|x86.Build.0 = Release|Win32
		{8B1B30A3-E60D-488A-B0EC-4E28151D81D8}.Debug|x64.ActiveCfg = Debug|x64
		{8B1B30A3-E60D-488A-B0EC-4E28151D81D8}.Debug|x64.Build.0 = Debug|x64
		{8B1B30A3-E60D-488A-B0EC-4E28151D81D8}.Debug|x86.ActiveCfg = Debug|Win32
		{8B1B30A3-E60D-488A-B0EC-4E28151D81D8}.Debug|x86.Build.0 = Debug|Win32
		{8B1B30A3-E60D-488A-B0EC-4E28151D81D8}.Release|x64.ActiveCfg = Release|x64
		{8B1B30A3-E60D-488A-B0EC-4E28151D81D8}.Release|x64.Build.0 = Release|x64
		{8B1B30A3-E60D-488A-B0EC-4E28151D81D8}.Release|x86.ActiveCfg = Release|Win32
		{8B1B30A3-E60D-488A-B0EC-4E28151D81D8}.Release|x86.Build.0 = Release|Win32
		{3D48E592-05E5-418A-8162-C2AE6C820994}.Debug|x64.ActiveCfg = Debug|x64
		{3D48E592-05E5-418A-8162-C2AE6C820994}.Debug|x64.Build.0 = Debug|x64
		{3D48E592-05E5-418A-8162-C2AE6C820994}.Debug|x86.ActiveCfg = Debug|Win32
		{3D48E592-05E5-418A-8162-C2AE6C820994}.Debug|x86.Build.0 = Debug|Win32
		{3D48E592-05E5-418A-8162-C2AE6C820994}.Release|x64.ActiveCfg = Release|x64
		{3D48E592-05E5-418A-8162-C2AE6C820994}.Release|x64.Build.0 = Release|x64
		{3D48E592-05E5-418A-8162-C2AE6C820994}.Release|x86.ActiveCfg = Release|Win32
		{3D48E592-05E5-418A-8162-C2AE6C820994}.Release|x86.Build.0 = Release|Win32
		{0CCC5302-4E62-44EE-BF09-8B4F210D549C}.Debug|x64.ActiveCfg = Debug|x64
		{0CCC5302-4E62-44EE-BF09-8B4F210D549C}.Debug|x64.Build.0 = Debug|x64
		{0CCC5302-4E62-44EE-BF09-8B4F210D549C}.Debug|x86.ActiveCfg = Debug|Win32
		{0CCC5302-4E62-44EE-BF09-8B4F210D549C}.Debug|x86.Build.0 = Debug|Win32
		{0CCC5302-4E62-44EE-BF09-8B4F210D549C}.Release|x64.ActiveCfg = Release|x64
		{0CCC5302-4E62-44EE-BF09-8B4F210D549C}.Release|x64.Build.0 = Release|x64
		{0CCC5302-4E62-44EE-BF09-8B4F210D549C}.Release|x86.ActiveCfg = Release|Win32
		{0CCC5302-4E62-44EE-BF09-8B4F210D549C}.Release|x86.Build.0 = Release|Win32
		{2C7C3DE8-2541-4E5C-A583-82434C508529}.Debug|x64.ActiveCfg = Debug|x64
		{2C7C3DE8-2541-4E5C-A583-82434C508529}.Debug|x64.Build.0 = Debug|x64
		{2C7C3DE8-2541-4E5C-A583-82434C508529}.Debug|x86.ActiveCfg = Debug|Win32
		{2C7C3DE8-2541-4E5C-A583-82434C508529}.Debug|x86.Build.0 = Debug|Win32
		{2C7C3DE8-2541-4E5C-A583-82434C508529}.Release|x64.ActiveCfg = Release|x64
		{2C7C3DE8-2541-4E5C-A583-82434C508529}.Release|x64.Build.0 = Release|x64
		{2C7C3DE8-2541-4E5C-A583-82434C508529}.Release|x86.ActiveCfg = Release|Win32
		{2C7C3DE8-2541-4E5C-A583-82434C508529}.Release|x86.Build.0 = Release|Win32
	EndGlobalSection
	GlobalSection(SolutionProperties) = preSolution
		HideSolutionNode = FALSE
	EndGlobalSection
	GlobalSection(ExtensibilityGlobals) = postSolution
		SolutionGuid = {7362A044-40EF-4106-AB76-869040A89EB3}
	EndGlobalSection
EndGlobal
